// !$*UTF8*$!
{
	archiveVersion = 1;
	classes = {
	};
	objectVersion = 56;
	objects = {

/* Begin PBXBuildFile section */
		204FE7992B74250F00FAFB88 /* AppDelegate.swift in Sources */ = {isa = PBXBuildFile; fileRef = 204FE7982B74250F00FAFB88 /* AppDelegate.swift */; };
		204FE79B2B74250F00FAFB88 /* SceneDelegate.swift in Sources */ = {isa = PBXBuildFile; fileRef = 204FE79A2B74250F00FAFB88 /* SceneDelegate.swift */; };
		204FE79D2B74250F00FAFB88 /* ViewController.swift in Sources */ = {isa = PBXBuildFile; fileRef = 204FE79C2B74250F00FAFB88 /* ViewController.swift */; };
		204FE7A02B74250F00FAFB88 /* Main.storyboard in Resources */ = {isa = PBXBuildFile; fileRef = 204FE79E2B74250F00FAFB88 /* Main.storyboard */; };
		204FE7A22B74251200FAFB88 /* Assets.xcassets in Resources */ = {isa = PBXBuildFile; fileRef = 204FE7A12B74251200FAFB88 /* Assets.xcassets */; };
		204FE7A52B74251200FAFB88 /* LaunchScreen.storyboard in Resources */ = {isa = PBXBuildFile; fileRef = 204FE7A32B74251200FAFB88 /* LaunchScreen.storyboard */; };
		204FE7AE2B74343500FAFB88 /* Places.swift in Sources */ = {isa = PBXBuildFile; fileRef = 204FE7AD2B74343500FAFB88 /* Places.swift */; };
		204FE7B02B74CB8000FAFB88 /* Places.geojson in Resources */ = {isa = PBXBuildFile; fileRef = 204FE7AF2B74CB8000FAFB88 /* Places.geojson */; };
/* End PBXBuildFile section */

/* Begin PBXFileReference section */
		204FE7952B74250F00FAFB88 /* MapKitTest33.app */ = {isa = PBXFileReference; explicitFileType = wrapper.application; includeInIndex = 0; path = MapKitTest33.app; sourceTree = BUILT_PRODUCTS_DIR; };
		204FE7982B74250F00FAFB88 /* AppDelegate.swift */ = {isa = PBXFileReference; lastKnownFileType = sourcecode.swift; path = AppDelegate.swift; sourceTree = "<group>"; };
		204FE79A2B74250F00FAFB88 /* SceneDelegate.swift */ = {isa = PBXFileReference; lastKnownFileType = sourcecode.swift; path = SceneDelegate.swift; sourceTree = "<group>"; };
		204FE79C2B74250F00FAFB88 /* ViewController.swift */ = {isa = PBXFileReference; lastKnownFileType = sourcecode.swift; path = ViewController.swift; sourceTree = "<group>"; };
		204FE79F2B74250F00FAFB88 /* Base */ = {isa = PBXFileReference; lastKnownFileType = file.storyboard; name = Base; path = Base.lproj/Main.storyboard; sourceTree = "<group>"; };
		204FE7A12B74251200FAFB88 /* Assets.xcassets */ = {isa = PBXFileReference; lastKnownFileType = folder.assetcatalog; path = Assets.xcassets; sourceTree = "<group>"; };
		204FE7A42B74251200FAFB88 /* Base */ = {isa = PBXFileReference; lastKnownFileType = file.storyboard; name = Base; path = Base.lproj/LaunchScreen.storyboard; sourceTree = "<group>"; };
		204FE7A62B74251200FAFB88 /* Info.plist */ = {isa = PBXFileReference; lastKnownFileType = text.plist.xml; path = Info.plist; sourceTree = "<group>"; };
		204FE7AD2B74343500FAFB88 /* Places.swift */ = {isa = PBXFileReference; lastKnownFileType = sourcecode.swift; path = Places.swift; sourceTree = "<group>"; };
		204FE7AF2B74CB8000FAFB88 /* Places.geojson */ = {isa = PBXFileReference; lastKnownFileType = text; path = Places.geojson; sourceTree = "<group>"; };
/* End PBXFileReference section */

/* Begin PBXFrameworksBuildPhase section */
		204FE7922B74250F00FAFB88 /* Frameworks */ = {
			isa = PBXFrameworksBuildPhase;
			buildActionMask = 2147483647;
			files = (
			);
			runOnlyForDeploymentPostprocessing = 0;
		};
/* End PBXFrameworksBuildPhase section */

/* Begin PBXGroup section */
		204FE78C2B74250F00FAFB88 = {
			isa = PBXGroup;
			children = (
				204FE7972B74250F00FAFB88 /* MapKitTest33 */,
				204FE7962B74250F00FAFB88 /* Products */,
			);
			sourceTree = "<group>";
		};
		204FE7962B74250F00FAFB88 /* Products */ = {
			isa = PBXGroup;
			children = (
				204FE7952B74250F00FAFB88 /* MapKitTest33.app */,
			);
			name = Products;
			sourceTree = "<group>";
		};
		204FE7972B74250F00FAFB88 /* MapKitTest33 */ = {
			isa = PBXGroup;
			children = (
				204FE7982B74250F00FAFB88 /* AppDelegate.swift */,
				204FE79A2B74250F00FAFB88 /* SceneDelegate.swift */,
				204FE79C2B74250F00FAFB88 /* ViewController.swift */,
				204FE79E2B74250F00FAFB88 /* Main.storyboard */,
				204FE7A12B74251200FAFB88 /* Assets.xcassets */,
				204FE7A32B74251200FAFB88 /* LaunchScreen.storyboard */,
				204FE7A62B74251200FAFB88 /* Info.plist */,
				204FE7AF2B74CB8000FAFB88 /* Places.geojson */,
				204FE7AD2B74343500FAFB88 /* Places.swift */,
			);
			path = MapKitTest33;
			sourceTree = "<group>";
		};
/* End PBXGroup section */

/* Begin PBXNativeTarget section */
		204FE7942B74250F00FAFB88 /* MapKitTest33 */ = {
			isa = PBXNativeTarget;
			buildConfigurationList = 204FE7A92B74251200FAFB88 /* Build configuration list for PBXNativeTarget "MapKitTest33" */;
			buildPhases = (
				204FE7912B74250F00FAFB88 /* Sources */,
				204FE7922B74250F00FAFB88 /* Frameworks */,
				204FE7932B74250F00FAFB88 /* Resources */,
			);
			buildRules = (
			);
			dependencies = (
			);
			name = MapKitTest33;
			productName = MapKitTest33;
			productReference = 204FE7952B74250F00FAFB88 /* MapKitTest33.app */;
			productType = "com.apple.product-type.application";
		};
/* End PBXNativeTarget section */

/* Begin PBXProject section */
		204FE78D2B74250F00FAFB88 /* Project object */ = {
			isa = PBXProject;
			attributes = {
				BuildIndependentTargetsInParallel = 1;
				LastSwiftUpdateCheck = 1510;
				LastUpgradeCheck = 1510;
				TargetAttributes = {
					204FE7942B74250F00FAFB88 = {
						CreatedOnToolsVersion = 15.1;
					};
				};
			};
			buildConfigurationList = 204FE7902B74250F00FAFB88 /* Build configuration list for PBXProject "MapKitTest33" */;
			compatibilityVersion = "Xcode 14.0";
			developmentRegion = en;
			hasScannedForEncodings = 0;
			knownRegions = (
				en,
				Base,
			);
			mainGroup = 204FE78C2B74250F00FAFB88;
			productRefGroup = 204FE7962B74250F00FAFB88 /* Products */;
			projectDirPath = "";
			projectRoot = "";
			targets = (
				204FE7942B74250F00FAFB88 /* MapKitTest33 */,
			);
		};
/* End PBXProject section */

/* Begin PBXResourcesBuildPhase section */
		204FE7932B74250F00FAFB88 /* Resources */ = {
			isa = PBXResourcesBuildPhase;
			buildActionMask = 2147483647;
			files = (
				204FE7A52B74251200FAFB88 /* LaunchScreen.storyboard in Resources */,
				204FE7B02B74CB8000FAFB88 /* Places.geojson in Resources */,
				204FE7A22B74251200FAFB88 /* Assets.xcassets in Resources */,
				204FE7A02B74250F00FAFB88 /* Main.storyboard in Resources */,
			);
			runOnlyForDeploymentPostprocessing = 0;
		};
/* End PBXResourcesBuildPhase section */

/* Begin PBXSourcesBuildPhase section */
		204FE7912B74250F00FAFB88 /* Sources */ = {
			isa = PBXSourcesBuildPhase;
			buildActionMask = 2147483647;
			files = (
				204FE79D2B74250F00FAFB88 /* ViewController.swift in Sources */,
				204FE7992B74250F00FAFB88 /* AppDelegate.swift in Sources */,
				204FE79B2B74250F00FAFB88 /* SceneDelegate.swift in Sources */,
				204FE7AE2B74343500FAFB88 /* Places.swift in Sources */,
			);
			runOnlyForDeploymentPostprocessing = 0;
		};
/* End PBXSourcesBuildPhase section */

/* Begin PBXVariantGroup section */
		204FE79E2B74250F00FAFB88 /* Main.storyboard */ = {
			isa = PBXVariantGroup;
			children = (
				204FE79F2B74250F00FAFB88 /* Base */,
			);
			name = Main.storyboard;
			sourceTree = "<group>";
		};
		204FE7A32B74251200FAFB88 /* LaunchScreen.storyboard */ = {
			isa = PBXVariantGroup;
			children = (
				204FE7A42B74251200FAFB88 /* Base */,
			);
			name = LaunchScreen.storyboard;
			sourceTree = "<group>";
		};
/* End PBXVariantGroup section */

/* Begin XCBuildConfiguration section */
		204FE7A72B74251200FAFB88 /* Debug */ = {
			isa = XCBuildConfiguration;
			buildSettings = {
				ALWAYS_SEARCH_USER_PATHS = NO;
				ASSETCATALOG_COMPILER_GENERATE_SWIFT_ASSET_SYMBOL_EXTENSIONS = YES;
				CLANG_ANALYZER_NONNULL = YES;
				CLANG_ANALYZER_NUMBER_OBJECT_CONVERSION = YES_AGGRESSIVE;
				CLANG_CXX_LANGUAGE_STANDARD = "gnu++20";
				CLANG_ENABLE_MODULES = YES;
				CLANG_ENABLE_OBJC_ARC = YES;
				CLANG_ENABLE_OBJC_WEAK = YES;
				CLANG_WARN_BLOCK_CAPTURE_AUTORELEASING = YES;
				CLANG_WARN_BOOL_CONVERSION = YES;
				CLANG_WARN_COMMA = YES;
				CLANG_WARN_CONSTANT_CONVERSION = YES;
				CLANG_WARN_DEPRECATED_OBJC_IMPLEMENTATIONS = YES;
				CLANG_WARN_DIRECT_OBJC_ISA_USAGE = YES_ERROR;
				CLANG_WARN_DOCUMENTATION_COMMENTS = YES;
				CLANG_WARN_EMPTY_BODY = YES;
				CLANG_WARN_ENUM_CONVERSION = YES;
				CLANG_WARN_INFINITE_RECURSION = YES;
				CLANG_WARN_INT_CONVERSION = YES;
				CLANG_WARN_NON_LITERAL_NULL_CONVERSION = YES;
				CLANG_WARN_OBJC_IMPLICIT_RETAIN_SELF = YES;
				CLANG_WARN_OBJC_LITERAL_CONVERSION = YES;
				CLANG_WARN_OBJC_ROOT_CLASS = YES_ERROR;
				CLANG_WARN_QUOTED_INCLUDE_IN_FRAMEWORK_HEADER = YES;
				CLANG_WARN_RANGE_LOOP_ANALYSIS = YES;
				CLANG_WARN_STRICT_PROTOTYPES = YES;
				CLANG_WARN_SUSPICIOUS_MOVE = YES;
				CLANG_WARN_UNGUARDED_AVAILABILITY = YES_AGGRESSIVE;
				CLANG_WARN_UNREACHABLE_CODE = YES;
				CLANG_WARN__DUPLICATE_METHOD_MATCH = YES;
				COPY_PHASE_STRIP = NO;
				DEBUG_INFORMATION_FORMAT = dwarf;
				ENABLE_STRICT_OBJC_MSGSEND = YES;
				ENABLE_TESTABILITY = YES;
				ENABLE_USER_SCRIPT_SANDBOXING = YES;
				GCC_C_LANGUAGE_STANDARD = gnu17;
				GCC_DYNAMIC_NO_PIC = NO;
				GCC_NO_COMMON_BLOCKS = YES;
				GCC_OPTIMIZATION_LEVEL = 0;
				GCC_PREPROCESSOR_DEFINITIONS = (
					"DEBUG=1",
					"$(inherited)",
				);
				GCC_WARN_64_TO_32_BIT_CONVERSION = YES;
				GCC_WARN_ABOUT_RETURN_TYPE = YES_ERROR;
				GCC_WARN_UNDECLARED_SELECTOR = YES;
				GCC_WARN_UNINITIALIZED_AUTOS = YES_AGGRESSIVE;
				GCC_WARN_UNUSED_FUNCTION = YES;
				GCC_WARN_UNUSED_VARIABLE = YES;
				IPHONEOS_DEPLOYMENT_TARGET = 17.2;
				LOCALIZATION_PREFERS_STRING_CATALOGS = YES;
				MTL_ENABLE_DEBUG_INFO = INCLUDE_SOURCE;
				MTL_FAST_MATH = YES;
				ONLY_ACTIVE_ARCH = YES;
				SDKROOT = iphoneos;
				SWIFT_ACTIVE_COMPILATION_CONDITIONS = "DEBUG $(inherited)";
				SWIFT_OPTIMIZATION_LEVEL = "-Onone";
			};
			name = Debug;
		};
		204FE7A82B74251200FAFB88 /* Release */ = {
			isa = XCBuildConfiguration;
			buildSettings = {
				ALWAYS_SEARCH_USER_PATHS = NO;
				ASSETCATALOG_COMPILER_GENERATE_SWIFT_ASSET_SYMBOL_EXTENSIONS = YES;
				CLANG_ANALYZER_NONNULL = YES;
				CLANG_ANALYZER_NUMBER_OBJECT_CONVERSION = YES_AGGRESSIVE;
				CLANG_CXX_LANGUAGE_STANDARD = "gnu++20";
				CLANG_ENABLE_MODULES = YES;
				CLANG_ENABLE_OBJC_ARC = YES;
				CLANG_ENABLE_OBJC_WEAK = YES;
				CLANG_WARN_BLOCK_CAPTURE_AUTORELEASING = YES;
				CLANG_WARN_BOOL_CONVERSION = YES;
				CLANG_WARN_COMMA = YES;
				CLANG_WARN_CONSTANT_CONVERSION = YES;
				CLANG_WARN_DEPRECATED_OBJC_IMPLEMENTATIONS = YES;
				CLANG_WARN_DIRECT_OBJC_ISA_USAGE = YES_ERROR;
				CLANG_WARN_DOCUMENTATION_COMMENTS = YES;
				CLANG_WARN_EMPTY_BODY = YES;
				CLANG_WARN_ENUM_CONVERSION = YES;
				CLANG_WARN_INFINITE_RECURSION = YES;
				CLANG_WARN_INT_CONVERSION = YES;
				CLANG_WARN_NON_LITERAL_NULL_CONVERSION = YES;
				CLANG_WARN_OBJC_IMPLICIT_RETAIN_SELF = YES;
				CLANG_WARN_OBJC_LITERAL_CONVERSION = YES;
				CLANG_WARN_OBJC_ROOT_CLASS = YES_ERROR;
				CLANG_WARN_QUOTED_INCLUDE_IN_FRAMEWORK_HEADER = YES;
				CLANG_WARN_RANGE_LOOP_ANALYSIS = YES;
				CLANG_WARN_STRICT_PROTOTYPES = YES;
				CLANG_WARN_SUSPICIOUS_MOVE = YES;
				CLANG_WARN_UNGUARDED_AVAILABILITY = YES_AGGRESSIVE;
				CLANG_WARN_UNREACHABLE_CODE = YES;
				CLANG_WARN__DUPLICATE_METHOD_MATCH = YES;
				COPY_PHASE_STRIP = NO;
				DEBUG_INFORMATION_FORMAT = "dwarf-with-dsym";
				ENABLE_NS_ASSERTIONS = NO;
				ENABLE_STRICT_OBJC_MSGSEND = YES;
				ENABLE_USER_SCRIPT_SANDBOXING = YES;
				GCC_C_LANGUAGE_STANDARD = gnu17;
				GCC_NO_COMMON_BLOCKS = YES;
				GCC_WARN_64_TO_32_BIT_CONVERSION = YES;
				GCC_WARN_ABOUT_RETURN_TYPE = YES_ERROR;
				GCC_WARN_UNDECLARED_SELECTOR = YES;
				GCC_WARN_UNINITIALIZED_AUTOS = YES_AGGRESSIVE;
				GCC_WARN_UNUSED_FUNCTION = YES;
				GCC_WARN_UNUSED_VARIABLE = YES;
				IPHONEOS_DEPLOYMENT_TARGET = 17.2;
				LOCALIZATION_PREFERS_STRING_CATALOGS = YES;
				MTL_ENABLE_DEBUG_INFO = NO;
				MTL_FAST_MATH = YES;
				SDKROOT = iphoneos;
				SWIFT_COMPILATION_MODE = wholemodule;
				VALIDATE_PRODUCT = YES;
			};
			name = Release;
		};
		204FE7AA2B74251200FAFB88 /* Debug */ = {
			isa = XCBuildConfiguration;
			buildSettings = {
				ASSETCATALOG_COMPILER_APPICON_NAME = AppIcon;
				ASSETCATALOG_COMPILER_GLOBAL_ACCENT_COLOR_NAME = AccentColor;
				CODE_SIGN_STYLE = Automatic;
				CURRENT_PROJECT_VERSION = 1;
				DEVELOPMENT_TEAM = W2P9X4349P;
				GENERATE_INFOPLIST_FILE = YES;
				INFOPLIST_FILE = MapKitTest33/Info.plist;
				INFOPLIST_KEY_UIApplicationSupportsIndirectInputEvents = YES;
				INFOPLIST_KEY_UILaunchStoryboardName = LaunchScreen;
				INFOPLIST_KEY_UIMainStoryboardFile = Main;
				INFOPLIST_KEY_UISupportedInterfaceOrientations_iPad = "UIInterfaceOrientationPortrait UIInterfaceOrientationPortraitUpsideDown UIInterfaceOrientationLandscapeLeft UIInterfaceOrientationLandscapeRight";
				INFOPLIST_KEY_UISupportedInterfaceOrientations_iPhone = "UIInterfaceOrientationPortrait UIInterfaceOrientationLandscapeLeft UIInterfaceOrientationLandscapeRight";
				LD_RUNPATH_SEARCH_PATHS = (
					"$(inherited)",
					"@executable_path/Frameworks",
				);
				MARKETING_VERSION = 1.0;
				PRODUCT_BUNDLE_IDENTIFIER = "grinkonikolka-yandex.ru.MapKitTest33";
				PRODUCT_NAME = "$(TARGET_NAME)";
				SWIFT_EMIT_LOC_STRINGS = YES;
				SWIFT_VERSION = 5.0;
				TARGETED_DEVICE_FAMILY = "1,2";
			};
			name = Debug;
		};
		204FE7AB2B74251200FAFB88 /* Release */ = {
			isa = XCBuildConfiguration;
			buildSettings = {
				ASSETCATALOG_COMPILER_APPICON_NAME = AppIcon;
				ASSETCATALOG_COMPILER_GLOBAL_ACCENT_COLOR_NAME = AccentColor;
				CODE_SIGN_STYLE = Automatic;
				CURRENT_PROJECT_VERSION = 1;
				DEVELOPMENT_TEAM = W2P9X4349P;
				GENERATE_INFOPLIST_FILE = YES;
				INFOPLIST_FILE = MapKitTest33/Info.plist;
				INFOPLIST_KEY_UIApplicationSupportsIndirectInputEvents = YES;
				INFOPLIST_KEY_UILaunchStoryboardName = LaunchScreen;
				INFOPLIST_KEY_UIMainStoryboardFile = Main;
				INFOPLIST_KEY_UISupportedInterfaceOrientations_iPad = "UIInterfaceOrientationPortrait UIInterfaceOrientationPortraitUpsideDown UIInterfaceOrientationLandscapeLeft UIInterfaceOrientationLandscapeRight";
				INFOPLIST_KEY_UISupportedInterfaceOrientations_iPhone = "UIInterfaceOrientationPortrait UIInterfaceOrientationLandscapeLeft UIInterfaceOrientationLandscapeRight";
				LD_RUNPATH_SEARCH_PATHS = (
					"$(inherited)",
					"@executable_path/Frameworks",
				);
				MARKETING_VERSION = 1.0;
				PRODUCT_BUNDLE_IDENTIFIER = "grinkonikolka-yandex.ru.MapKitTest33";
				PRODUCT_NAME = "$(TARGET_NAME)";
				SWIFT_EMIT_LOC_STRINGS = YES;
				SWIFT_VERSION = 5.0;
				TARGETED_DEVICE_FAMILY = "1,2";
			};
			name = Release;
		};
/* End XCBuildConfiguration section */

/* Begin XCConfigurationList section */
		204FE7902B74250F00FAFB88 /* Build configuration list for PBXProject "MapKitTest33" */ = {
			isa = XCConfigurationList;
			buildConfigurations = (
				204FE7A72B74251200FAFB88 /* Debug */,
				204FE7A82B74251200FAFB88 /* Release */,
			);
			defaultConfigurationIsVisible = 0;
			defaultConfigurationName = Release;
		};
		204FE7A92B74251200FAFB88 /* Build configuration list for PBXNativeTarget "MapKitTest33" */ = {
			isa = XCConfigurationList;
			buildConfigurations = (
				204FE7AA2B74251200FAFB88 /* Debug */,
				204FE7AB2B74251200FAFB88 /* Release */,
			);
			defaultConfigurationIsVisible = 0;
			defaultConfigurationName = Release;
		};
/* End XCConfigurationList section */
	};
	rootObject = 204FE78D2B74250F00FAFB88 /* Project object */;
}
